
Microsoft Visual Studio Solution File, Format Version 12.00
# Visual Studio Version 16
VisualStudioVersion = 16.0.29424.173
MinimumVisualStudioVersion = 10.0.40219.1
Project("{9A19103F-16F7-4668-BE54-9A1E7A4F7556}") = "CultureWars.API.Google.Cloud.Speech", "src\APIs\CultureWars.API.Google.Cloud.Speech\CultureWars.API.Google.Cloud.Speech.csproj", "{9ABDEBA2-6FB5-41D4-885F-D479E7A501FA}"
EndProject
Project("{9A19103F-16F7-4668-BE54-9A1E7A4F7556}") = "CultureWars.API", "src\APIs\CultureWars.API\CultureWars.API.csproj", "{8185A940-CFF8-4B8B-A34E-2F1A2915A79E}"
EndProject
Project("{9A19103F-16F7-4668-BE54-9A1E7A4F7556}") = "CultureWars.Data.Domain", "src\Data\CultureWars.Data.Domain\CultureWars.Data.Domain.csproj", "{5DA9654B-405C-4B00-8FE0-E09148647297}"
EndProject
Project("{9A19103F-16F7-4668-BE54-9A1E7A4F7556}") = "CultureWars.Terminal", "src\Application\CultureWars.Terminal\CultureWars.Terminal.csproj", "{A187DFF4-97F4-42C0-A8AE-ACA587135B63}"
EndProject
Project("{9A19103F-16F7-4668-BE54-9A1E7A4F7556}") = "CultureWars.API.InternetArchive", "src\APIs\CultureWars.API.InternetArchive\CultureWars.API.InternetArchive.csproj", "{6629C47F-618C-4E88-8353-3FFCB32AFAFD}"
EndProject
Project("{9A19103F-16F7-4668-BE54-9A1E7A4F7556}") = "CultureWars.Data.Export.WordPress", "src\Data\CultureWars.Data.Export.WordPress\CultureWars.Data.Export.WordPress.csproj", "{5BEAB8BE-F849-447D-BC74-2EDC8E58BD16}"
EndProject
Project("{9A19103F-16F7-4668-BE54-9A1E7A4F7556}") = "CultureWars.API.YouTube", "src\APIs\CultureWars.API.YouTube\CultureWars.API.YouTube.csproj", "{8126AD2B-9AAD-4F11-8665-EC70FBDAD6E1}"
EndProject
Project("{2150E333-8FDC-42A3-9474-1A3956D46DE8}") = "Tests", "Tests", "{86B0D982-9520-460C-A8A8-1EB9721F224E}"
EndProject
Project("{9A19103F-16F7-4668-BE54-9A1E7A4F7556}") = "CultureWars.Core", "src\Core\CultureWars.Core\CultureWars.Core.csproj", "{3E2946E2-0B74-47F5-ABAF-56078F2E4163}"
EndProject
Project("{9A19103F-16F7-4668-BE54-9A1E7A4F7556}") = "CultureWars.Data.Export.WordPress.Tests", "src\Tests\CultureWars.Data.Export.WordPress.Tests\CultureWars.Data.Export.WordPress.Tests.csproj", "{8F80055D-30D7-4D49-A712-B850125702B0}"
EndProject
Project("{9A19103F-16F7-4668-BE54-9A1E7A4F7556}") = "CultureWars.Data", "src\Data\CultureWars.Data\CultureWars.Data.csproj", "{40C06C06-8209-4877-BA7C-19D91A92CE53}"
EndProject
Project("{9A19103F-16F7-4668-BE54-9A1E7A4F7556}") = "CultureWars.Data.WordPress.Domain", "src\Data\CultureWars.Data.WordPress.Domain\CultureWars.Data.WordPress.Domain.csproj", "{868CA08B-4111-487B-82A3-ADCDB91FAC08}"
EndProject
Project("{9A19103F-16F7-4668-BE54-9A1E7A4F7556}") = "CultureWars.Core.Terminal", "src\Core\CultureWars.Core.Terminal\CultureWars.Core.Terminal.csproj", "{F1D54203-3A5D-4F83-8603-4343E9F15749}"
EndProject
Project("{FAE04EC0-301F-11D3-BF4B-00C04F79EFBC}") = "CultureWars.Media", "src\Media\CultureWars.Media\CultureWars.Media.csproj", "{A0693A12-78F5-4176-BF77-D29CB452CD90}"
EndProject
Global
	GlobalSection(SolutionConfigurationPlatforms) = preSolution
		Debug|Any CPU = Debug|Any CPU
		Release|Any CPU = Release|Any CPU
	EndGlobalSection
	GlobalSection(ProjectConfigurationPlatforms) = postSolution
		{9ABDEBA2-6FB5-41D4-885F-D479E7A501FA}.Debug|Any CPU.ActiveCfg = Debug|Any CPU
		{9ABDEBA2-6FB5-41D4-885F-D479E7A501FA}.Debug|Any CPU.Build.0 = Debug|Any CPU
		{9ABDEBA2-6FB5-41D4-885F-D479E7A501FA}.Release|Any CPU.ActiveCfg = Release|Any CPU
		{9ABDEBA2-6FB5-41D4-885F-D479E7A501FA}.Release|Any CPU.Build.0 = Release|Any CPU
		{8185A940-CFF8-4B8B-A34E-2F1A2915A79E}.Debug|Any CPU.ActiveCfg = Debug|Any CPU
		{8185A940-CFF8-4B8B-A34E-2F1A2915A79E}.Debug|Any CPU.Build.0 = Debug|Any CPU
		{8185A940-CFF8-4B8B-A34E-2F1A2915A79E}.Release|Any CPU.ActiveCfg = Release|Any CPU
		{8185A940-CFF8-4B8B-A34E-2F1A2915A79E}.Release|Any CPU.Build.0 = Release|Any CPU
		{5DA9654B-405C-4B00-8FE0-E09148647297}.Debug|Any CPU.ActiveCfg = Debug|Any CPU
		{5DA9654B-405C-4B00-8FE0-E09148647297}.Debug|Any CPU.Build.0 = Debug|Any CPU
		{5DA9654B-405C-4B00-8FE0-E09148647297}.Release|Any CPU.ActiveCfg = Release|Any CPU
		{5DA9654B-405C-4B00-8FE0-E09148647297}.Release|Any CPU.Build.0 = Release|Any CPU
		{A187DFF4-97F4-42C0-A8AE-ACA587135B63}.Debug|Any CPU.ActiveCfg = Debug|Any CPU
		{A187DFF4-97F4-42C0-A8AE-ACA587135B63}.Debug|Any CPU.Build.0 = Debug|Any CPU
		{A187DFF4-97F4-42C0-A8AE-ACA587135B63}.Release|Any CPU.ActiveCfg = Release|Any CPU
		{A187DFF4-97F4-42C0-A8AE-ACA587135B63}.Release|Any CPU.Build.0 = Release|Any CPU
		{6629C47F-618C-4E88-8353-3FFCB32AFAFD}.Debug|Any CPU.ActiveCfg = Debug|Any CPU
		{6629C47F-618C-4E88-8353-3FFCB32AFAFD}.Debug|Any CPU.Build.0 = Debug|Any CPU
		{6629C47F-618C-4E88-8353-3FFCB32AFAFD}.Release|Any CPU.ActiveCfg = Release|Any CPU
		{6629C47F-618C-4E88-8353-3FFCB32AFAFD}.Release|Any CPU.Build.0 = Release|Any CPU
		{5BEAB8BE-F849-447D-BC74-2EDC8E58BD16}.Debug|Any CPU.ActiveCfg = Debug|Any CPU
		{5BEAB8BE-F849-447D-BC74-2EDC8E58BD16}.Debug|Any CPU.Build.0 = Debug|Any CPU
		{5BEAB8BE-F849-447D-BC74-2EDC8E58BD16}.Release|Any CPU.ActiveCfg = Release|Any CPU
		{5BEAB8BE-F849-447D-BC74-2EDC8E58BD16}.Release|Any CPU.Build.0 = Release|Any CPU
		{8126AD2B-9AAD-4F11-8665-EC70FBDAD6E1}.Debug|Any CPU.ActiveCfg = Debug|Any CPU
		{8126AD2B-9AAD-4F11-8665-EC70FBDAD6E1}.Debug|Any CPU.Build.0 = Debug|Any CPU
		{8126AD2B-9AAD-4F11-8665-EC70FBDAD6E1}.Release|Any CPU.ActiveCfg = Release|Any CPU
		{8126AD2B-9AAD-4F11-8665-EC70FBDAD6E1}.Release|Any CPU.Build.0 = Release|Any CPU
		{3E2946E2-0B74-47F5-ABAF-56078F2E4163}.Debug|Any CPU.ActiveCfg = Debug|Any CPU
		{3E2946E2-0B74-47F5-ABAF-56078F2E4163}.Debug|Any CPU.Build.0 = Debug|Any CPU
		{3E2946E2-0B74-47F5-ABAF-56078F2E4163}.Release|Any CPU.ActiveCfg = Release|Any CPU
		{3E2946E2-0B74-47F5-ABAF-56078F2E4163}.Release|Any CPU.Build.0 = Release|Any CPU
		{8F80055D-30D7-4D49-A712-B850125702B0}.Debug|Any CPU.ActiveCfg = Debug|Any CPU
		{8F80055D-30D7-4D49-A712-B850125702B0}.Debug|Any CPU.Build.0 = Debug|Any CPU
		{8F80055D-30D7-4D49-A712-B850125702B0}.Release|Any CPU.ActiveCfg = Release|Any CPU
		{8F80055D-30D7-4D49-A712-B850125702B0}.Release|Any CPU.Build.0 = Release|Any CPU
		{40C06C06-8209-4877-BA7C-19D91A92CE53}.Debug|Any CPU.ActiveCfg = Debug|Any CPU
		{40C06C06-8209-4877-BA7C-19D91A92CE53}.Debug|Any CPU.Build.0 = Debug|Any CPU
		{40C06C06-8209-4877-BA7C-19D91A92CE53}.Release|Any CPU.ActiveCfg = Release|Any CPU
		{40C06C06-8209-4877-BA7C-19D91A92CE53}.Release|Any CPU.Build.0 = Release|Any CPU
		{868CA08B-4111-487B-82A3-ADCDB91FAC08}.Debug|Any CPU.ActiveCfg = Debug|Any CPU
		{868CA08B-4111-487B-82A3-ADCDB91FAC08}.Debug|Any CPU.Build.0 = Debug|Any CPU
		{868CA08B-4111-487B-82A3-ADCDB91FAC08}.Release|Any CPU.ActiveCfg = Release|Any CPU
		{868CA08B-4111-487B-82A3-ADCDB91FAC08}.Release|Any CPU.Build.0 = Release|Any CPU
		{F1D54203-3A5D-4F83-8603-4343E9F15749}.Debug|Any CPU.ActiveCfg = Debug|Any CPU
		{F1D54203-3A5D-4F83-8603-4343E9F15749}.Debug|Any CPU.Build.0 = Debug|Any CPU
		{F1D54203-3A5D-4F83-8603-4343E9F15749}.Release|Any CPU.ActiveCfg = Release|Any CPU
		{F1D54203-3A5D-4F83-8603-4343E9F15749}.Release|Any CPU.Build.0 = Release|Any CPU
		{A0693A12-78F5-4176-BF77-D29CB452CD90}.Debug|Any CPU.ActiveCfg = Debug|Any CPU
		{A0693A12-78F5-4176-BF77-D29CB452CD90}.Debug|Any CPU.Build.0 = Debug|Any CPU
		{A0693A12-78F5-4176-BF77-D29CB452CD90}.Release|Any CPU.ActiveCfg = Release|Any CPU
		{A0693A12-78F5-4176-BF77-D29CB452CD90}.Release|Any CPU.Build.0 = Release|Any CPU
	EndGlobalSection
	GlobalSection(SolutionProperties) = preSolution
		HideSolutionNode = FALSE
	EndGlobalSection
	GlobalSection(NestedProjects) = preSolution
		{8F80055D-30D7-4D49-A712-B850125702B0} = {86B0D982-9520-460C-A8A8-1EB9721F224E}
	EndGlobalSection
	GlobalSection(ExtensibilityGlobals) = postSolution
		SolutionGuid = {FA85D656-8DAC-4651-AA54-C7D23BDF78A8}
	EndGlobalSection
EndGlobal
